
Microsoft Visual Studio Solution File, Format Version 12.00
# Visual Studio Version 16
VisualStudioVersion = 16.0.29519.181
MinimumVisualStudioVersion = 10.0.40219.1
Project("{FAE04EC0-301F-11D3-BF4B-00C04F79EFBC}") = "SwaggerApiNetCore31", "SwaggerApiNetCore31\SwaggerApiNetCore31.csproj", "{D3C38E1D-57C3-4E41-8CB9-08986E8D4F16}"
EndProject
Global
	GlobalSection(SolutionConfigurationPlatforms) = preSolution
		Debug|Any CPU = Debug|Any CPU
		Release|Any CPU = Release|Any CPU
	EndGlobalSection
	GlobalSection(ProjectConfigurationPlatforms) = postSolution
		{D3C38E1D-57C3-4E41-8CB9-08986E8D4F16}.Debug|Any CPU.ActiveCfg = Debug|Any CPU
		{D3C38E1D-57C3-4E41-8CB9-08986E8D4F16}.Debug|Any CPU.Build.0 = Debug|Any CPU
		{D3C38E1D-57C3-4E41-8CB9-08986E8D4F16}.Release|Any CPU.ActiveCfg = Release|Any CPU
		{D3C38E1D-57C3-4E41-8CB9-08986E8D4F16}.Release|Any CPU.Build.0 = Release|Any CPU
	EndGlobalSection
	GlobalSection(SolutionProperties) = preSolution
		HideSolutionNode = FALSE
	EndGlobalSection
	GlobalSection(ExtensibilityGlobals) = postSolution
		SolutionGuid = {981C78E0-0FEF-493E-8CB0-2F88E557D49F}
	EndGlobalSection
EndGlobal
